
Microsoft Visual Studio Solution File, Format Version 12.00
# Visual Studio Version 16
VisualStudioVersion = 16.0.31005.135
MinimumVisualStudioVersion = 10.0.40219.1
Project("{FAE04EC0-301F-11D3-BF4B-00C04F79EFBC}") = "App1.Android", "App1\App1.Android\App1.Android.csproj", "{B11F8061-047F-4BA8-A890-EB503ECCCF74}"
EndProject
Project("{FAE04EC0-301F-11D3-BF4B-00C04F79EFBC}") = "App1.iOS", "App1\App1.iOS\App1.iOS.csproj", "{1E39020C-72E9-4D7C-B60E-BEC9F3EBBDA2}"
EndProject
Project("{FAE04EC0-301F-11D3-BF4B-00C04F79EFBC}") = "App1", "App1\App1\App1.csproj", "{95E7CF7F-B5E5-4906-995D-FF073B3181EB}"
EndProject
Global
	GlobalSection(SolutionConfigurationPlatforms) = preSolution
		Debug|Any CPU = Debug|Any CPU
		Debug|iPhone = Debug|iPhone
		Debug|iPhoneSimulator = Debug|iPhoneSimulator
		Release|Any CPU = Release|Any CPU
		Release|iPhone = Release|iPhone
		Release|iPhoneSimulator = Release|iPhoneSimulator
	EndGlobalSection
	GlobalSection(ProjectConfigurationPlatforms) = postSolution
		{B11F8061-047F-4BA8-A890-EB503ECCCF74}.Debug|Any CPU.ActiveCfg = Debug|Any CPU
		{B11F8061-047F-4BA8-A890-EB503ECCCF74}.Debug|Any CPU.Build.0 = Debug|Any CPU
		{B11F8061-047F-4BA8-A890-EB503ECCCF74}.Debug|Any CPU.Deploy.0 = Debug|Any CPU
		{B11F8061-047F-4BA8-A890-EB503ECCCF74}.Debug|iPhone.ActiveCfg = Debug|Any CPU
		{B11F8061-047F-4BA8-A890-EB503ECCCF74}.Debug|iPhone.Build.0 = Debug|Any CPU
		{B11F8061-047F-4BA8-A890-EB503ECCCF74}.Debug|iPhone.Deploy.0 = Debug|Any CPU
		{B11F8061-047F-4BA8-A890-EB503ECCCF74}.Debug|iPhoneSimulator.ActiveCfg = Debug|Any CPU
		{B11F8061-047F-4BA8-A890-EB503ECCCF74}.Debug|iPhoneSimulator.Build.0 = Debug|Any CPU
		{B11F8061-047F-4BA8-A890-EB503ECCCF74}.Debug|iPhoneSimulator.Deploy.0 = Debug|Any CPU
		{B11F8061-047F-4BA8-A890-EB503ECCCF74}.Release|Any CPU.ActiveCfg = Release|Any CPU
		{B11F8061-047F-4BA8-A890-EB503ECCCF74}.Release|Any CPU.Build.0 = Release|Any CPU
		{B11F8061-047F-4BA8-A890-EB503ECCCF74}.Release|Any CPU.Deploy.0 = Release|Any CPU
		{B11F8061-047F-4BA8-A890-EB503ECCCF74}.Release|iPhone.ActiveCfg = Release|Any CPU
		{B11F8061-047F-4BA8-A890-EB503ECCCF74}.Release|iPhone.Build.0 = Release|Any CPU
		{B11F8061-047F-4BA8-A890-EB503ECCCF74}.Release|iPhone.Deploy.0 = Release|Any CPU
		{B11F8061-047F-4BA8-A890-EB503ECCCF74}.Release|iPhoneSimulator.ActiveCfg = Release|Any CPU
		{B11F8061-047F-4BA8-A890-EB503ECCCF74}.Release|iPhoneSimulator.Build.0 = Release|Any CPU
		{B11F8061-047F-4BA8-A890-EB503ECCCF74}.Release|iPhoneSimulator.Deploy.0 = Release|Any CPU
		{1E39020C-72E9-4D7C-B60E-BEC9F3EBBDA2}.Debug|Any CPU.ActiveCfg = Debug|iPhone
		{1E39020C-72E9-4D7C-B60E-BEC9F3EBBDA2}.Debug|Any CPU.Build.0 = Debug|iPhone
		{1E39020C-72E9-4D7C-B60E-BEC9F3EBBDA2}.Debug|Any CPU.Deploy.0 = Debug|iPhone
		{1E39020C-72E9-4D7C-B60E-BEC9F3EBBDA2}.Debug|iPhone.ActiveCfg = Debug|iPhone
		{1E39020C-72E9-4D7C-B60E-BEC9F3EBBDA2}.Debug|iPhone.Build.0 = Debug|iPhone
		{1E39020C-72E9-4D7C-B60E-BEC9F3EBBDA2}.Debug|iPhone.Deploy.0 = Debug|iPhone
		{1E39020C-72E9-4D7C-B60E-BEC9F3EBBDA2}.Debug|iPhoneSimulator.ActiveCfg = Debug|iPhoneSimulator
		{1E39020C-72E9-4D7C-B60E-BEC9F3EBBDA2}.Debug|iPhoneSimulator.Build.0 = Debug|iPhoneSimulator
		{1E39020C-72E9-4D7C-B60E-BEC9F3EBBDA2}.Debug|iPhoneSimulator.Deploy.0 = Debug|iPhoneSimulator
		{1E39020C-72E9-4D7C-B60E-BEC9F3EBBDA2}.Release|Any CPU.ActiveCfg = Release|iPhoneSimulator
		{1E39020C-72E9-4D7C-B60E-BEC9F3EBBDA2}.Release|Any CPU.Build.0 = Release|iPhoneSimulator
		{1E39020C-72E9-4D7C-B60E-BEC9F3EBBDA2}.Release|Any CPU.Deploy.0 = Release|iPhoneSimulator
		{1E39020C-72E9-4D7C-B60E-BEC9F3EBBDA2}.Release|iPhone.ActiveCfg = Release|iPhone
		{1E39020C-72E9-4D7C-B60E-BEC9F3EBBDA2}.Release|iPhone.Build.0 = Release|iPhone
		{1E39020C-72E9-4D7C-B60E-BEC9F3EBBDA2}.Release|iPhone.Deploy.0 = Release|iPhone
		{1E39020C-72E9-4D7C-B60E-BEC9F3EBBDA2}.Release|iPhoneSimulator.ActiveCfg = Release|iPhoneSimulator
		{1E39020C-72E9-4D7C-B60E-BEC9F3EBBDA2}.Release|iPhoneSimulator.Build.0 = Release|iPhoneSimulator
		{1E39020C-72E9-4D7C-B60E-BEC9F3EBBDA2}.Release|iPhoneSimulator.Deploy.0 = Release|iPhoneSimulator
		{95E7CF7F-B5E5-4906-995D-FF073B3181EB}.Debug|Any CPU.ActiveCfg = Debug|Any CPU
		{95E7CF7F-B5E5-4906-995D-FF073B3181EB}.Debug|Any CPU.Build.0 = Debug|Any CPU
		{95E7CF7F-B5E5-4906-995D-FF073B3181EB}.Debug|Any CPU.Deploy.0 = Debug|Any CPU
		{95E7CF7F-B5E5-4906-995D-FF073B3181EB}.Debug|iPhone.ActiveCfg = Debug|Any CPU
		{95E7CF7F-B5E5-4906-995D-FF073B3181EB}.Debug|iPhone.Build.0 = Debug|Any CPU
		{95E7CF7F-B5E5-4906-995D-FF073B3181EB}.Debug|iPhone.Deploy.0 = Debug|Any CPU
		{95E7CF7F-B5E5-4906-995D-FF073B3181EB}.Debug|iPhoneSimulator.ActiveCfg = Debug|Any CPU
		{95E7CF7F-B5E5-4906-995D-FF073B3181EB}.Debug|iPhoneSimulator.Build.0 = Debug|Any CPU
		{95E7CF7F-B5E5-4906-995D-FF073B3181EB}.Debug|iPhoneSimulator.Deploy.0 = Debug|Any CPU
		{95E7CF7F-B5E5-4906-995D-FF073B3181EB}.Release|Any CPU.ActiveCfg = Release|Any CPU
		{95E7CF7F-B5E5-4906-995D-FF073B3181EB}.Release|Any CPU.Build.0 = Release|Any CPU
		{95E7CF7F-B5E5-4906-995D-FF073B3181EB}.Release|Any CPU.Deploy.0 = Release|Any CPU
		{95E7CF7F-B5E5-4906-995D-FF073B3181EB}.Release|iPhone.ActiveCfg = Release|Any CPU
		{95E7CF7F-B5E5-4906-995D-FF073B3181EB}.Release|iPhone.Build.0 = Release|Any CPU
		{95E7CF7F-B5E5-4906-995D-FF073B3181EB}.Release|iPhone.Deploy.0 = Release|Any CPU
		{95E7CF7F-B5E5-4906-995D-FF073B3181EB}.Release|iPhoneSimulator.ActiveCfg = Release|Any CPU
		{95E7CF7F-B5E5-4906-995D-FF073B3181EB}.Release|iPhoneSimulator.Build.0 = Release|Any CPU
		{95E7CF7F-B5E5-4906-995D-FF073B3181EB}.Release|iPhoneSimulator.Deploy.0 = Release|Any CPU
	EndGlobalSection
	GlobalSection(SolutionProperties) = preSolution
		HideSolutionNode = FALSE
	EndGlobalSection
	GlobalSection(ExtensibilityGlobals) = postSolution
		SolutionGuid = {95FFB58A-14BA-43E3-B3AF-A18AC8C8A533}
	EndGlobalSection
EndGlobal
